{"filter":false,"title":"package-lock.json","tooltip":"/package-lock.json","undoManager":{"mark":1,"position":1,"stack":[[{"start":{"row":1,"column":0},"end":{"row":2,"column":0},"action":"insert","lines":["<<<<<<< HEAD",""],"id":1,"ignore":true},{"start":{"row":3,"column":0},"end":{"row":6,"column":0},"action":"insert","lines":["=======","  \"name\": \"webapp-cicd\",",">>>>>>> bef984ccba270c072a177c916142b4520891fd43",""]},{"start":{"row":11,"column":0},"end":{"row":12,"column":0},"action":"insert","lines":["<<<<<<< HEAD",""]},{"start":{"row":13,"column":0},"end":{"row":16,"column":0},"action":"insert","lines":["=======","      \"name\": \"webapp-cicd\",",">>>>>>> bef984ccba270c072a177c916142b4520891fd43",""]},{"start":{"row":20,"column":0},"end":{"row":20,"column":7},"action":"remove","lines":["      }"]},{"start":{"row":20,"column":0},"end":{"row":25,"column":48},"action":"insert","lines":["<<<<<<< HEAD","      }","=======","      },","      \"devDependencies\": {}",">>>>>>> bef984ccba270c072a177c916142b4520891fd43"]}],[{"start":{"row":1,"column":0},"end":{"row":25,"column":48},"action":"remove","lines":["<<<<<<< HEAD","  \"name\": \"environment\",","=======","  \"name\": \"webapp-cicd\",",">>>>>>> bef984ccba270c072a177c916142b4520891fd43","  \"version\": \"1.0.0\",","  \"lockfileVersion\": 3,","  \"requires\": true,","  \"packages\": {","    \"\": {","<<<<<<< HEAD","      \"name\": \"environment\",","=======","      \"name\": \"webapp-cicd\",",">>>>>>> bef984ccba270c072a177c916142b4520891fd43","      \"version\": \"1.0.0\",","      \"license\": \"ISC\",","      \"dependencies\": {","        \"express\": \"^5.1.0\"","<<<<<<< HEAD","      }","=======","      },","      \"devDependencies\": {}",">>>>>>> bef984ccba270c072a177c916142b4520891fd43"],"id":2,"ignore":true},{"start":{"row":1,"column":0},"end":{"row":12,"column":7},"action":"insert","lines":["  \"name\": \"webapp-cicd\",","  \"version\": \"1.0.0\",","  \"lockfileVersion\": 3,","  \"requires\": true,","  \"packages\": {","    \"\": {","      \"name\": \"webapp-cicd\",","      \"version\": \"1.0.0\",","      \"license\": \"ISC\",","      \"dependencies\": {","        \"express\": \"^5.1.0\"","      }"]}]]},"ace":{"folds":[],"scrolltop":0,"scrollleft":0,"selection":{"start":{"row":0,"column":0},"end":{"row":22,"column":8},"isBackwards":true},"options":{"guessTabSize":true,"useWrapMode":false,"wrapToView":true},"firstLineState":0},"timestamp":1751044830811,"hash":"56c113dcf05f91ac617d98d58a25e6d3834241a5"}